
Microsoft Visual Studio Solution File, Format Version 12.00
# Visual Studio Version 16
VisualStudioVersion = 16.0.29709.97
MinimumVisualStudioVersion = 10.0.40219.1
Project("{FAE04EC0-301F-11D3-BF4B-00C04F79EFBC}") = "DiscordMessageDeleter", "DiscordMessageDeleter\DiscordMessageDeleter.csproj", "{B3E8A197-C934-44D2-B451-FE8226EF5ED5}"
EndProject
Global
	GlobalSection(SolutionConfigurationPlatforms) = preSolution
		Debug|Any CPU = Debug|Any CPU
		Release|Any CPU = Release|Any CPU
	EndGlobalSection
	GlobalSection(ProjectConfigurationPlatforms) = postSolution
		{B3E8A197-C934-44D2-B451-FE8226EF5ED5}.Debug|Any CPU.ActiveCfg = Debug|Any CPU
		{B3E8A197-C934-44D2-B451-FE8226EF5ED5}.Debug|Any CPU.Build.0 = Debug|Any CPU
		{B3E8A197-C934-44D2-B451-FE8226EF5ED5}.Release|Any CPU.ActiveCfg = Release|Any CPU
		{B3E8A197-C934-44D2-B451-FE8226EF5ED5}.Release|Any CPU.Build.0 = Release|Any CPU
	EndGlobalSection
	GlobalSection(SolutionProperties) = preSolution
		HideSolutionNode = FALSE
	EndGlobalSection
	GlobalSection(ExtensibilityGlobals) = postSolution
		SolutionGuid = {E0F2B5B7-4FC7-461E-9E6B-ADC539C79024}
	EndGlobalSection
EndGlobal
